
Microsoft Visual Studio Solution File, Format Version 12.00
# Visual Studio 15
VisualStudioVersion = 15.0.27004.2008
MinimumVisualStudioVersion = 10.0.40219.1
Project("{8BC9CEB8-8B4A-11D0-8D11-00A0C91BC942}") = "Zadanie wyklad 1,2,3", "Zadanie wyklad 1,2,3\Zadanie wyklad 1,2,3.vcxproj", "{0A7142B1-4E21-483E-B8E9-15DEC194AB96}"
EndProject
Global
	GlobalSection(SolutionConfigurationPlatforms) = preSolution
		Debug|x64 = Debug|x64
		Debug|x86 = Debug|x86
		Release|x64 = Release|x64
		Release|x86 = Release|x86
	EndGlobalSection
	GlobalSection(ProjectConfigurationPlatforms) = postSolution
		{0A7142B1-4E21-483E-B8E9-15DEC194AB96}.Debug|x64.ActiveCfg = Debug|x64
		{0A7142B1-4E21-483E-B8E9-15DEC194AB96}.Debug|x64.Build.0 = Debug|x64
		{0A7142B1-4E21-483E-B8E9-15DEC194AB96}.Debug|x86.ActiveCfg = Debug|Win32
		{0A7142B1-4E21-483E-B8E9-15DEC194AB96}.Debug|x86.Build.0 = Debug|Win32
		{0A7142B1-4E21-483E-B8E9-15DEC194AB96}.Release|x64.ActiveCfg = Release|x64
		{0A7142B1-4E21-483E-B8E9-15DEC194AB96}.Release|x64.Build.0 = Release|x64
		{0A7142B1-4E21-483E-B8E9-15DEC194AB96}.Release|x86.ActiveCfg = Release|Win32
		{0A7142B1-4E21-483E-B8E9-15DEC194AB96}.Release|x86.Build.0 = Release|Win32
	EndGlobalSection
	GlobalSection(SolutionProperties) = preSolution
		HideSolutionNode = FALSE
	EndGlobalSection
	GlobalSection(ExtensibilityGlobals) = postSolution
		SolutionGuid = {74D21282-AD58-4E99-A19C-4588DE7D3DD7}
	EndGlobalSection
EndGlobal
